// !$*UTF8*$!
{
	archiveVersion = 1;
	classes = {
	};
	objectVersion = 56;
	objects = {

/* Begin PBXBuildFile section */
		A10001 /* StickyApp.swift in Sources */ = {isa = PBXBuildFile; fileRef = B10001; };
		A10002 /* AppDelegate.swift in Sources */ = {isa = PBXBuildFile; fileRef = B10002; };
		A10003 /* AppState.swift in Sources */ = {isa = PBXBuildFile; fileRef = B10003; };
		A10041 /* GlobalHotkeyManager.swift in Sources */ = {isa = PBXBuildFile; fileRef = B10041; };
		A10004 /* TodoItem.swift in Sources */ = {isa = PBXBuildFile; fileRef = B10004; };
		A10005 /* StickyNote.swift in Sources */ = {isa = PBXBuildFile; fileRef = B10005; };
		A10006 /* StickyColorTheme.swift in Sources */ = {isa = PBXBuildFile; fileRef = B10006; };
		A10007 /* StickyNoteView.swift in Sources */ = {isa = PBXBuildFile; fileRef = B10007; };
		A10008 /* TodoListView.swift in Sources */ = {isa = PBXBuildFile; fileRef = B10008; };
		A10009 /* TodoRowView.swift in Sources */ = {isa = PBXBuildFile; fileRef = B10009; };
		A10010 /* TaskCountBadgeView.swift in Sources */ = {isa = PBXBuildFile; fileRef = B10010; };
		A10011 /* PeelShadowView.swift in Sources */ = {isa = PBXBuildFile; fileRef = B10011; };
		A10012 /* ConfettiOverlayView.swift in Sources */ = {isa = PBXBuildFile; fileRef = B10012; };
		A10013 /* ZapierSettingsView.swift in Sources */ = {isa = PBXBuildFile; fileRef = B10013; };
		A10014 /* ConfettiScene.swift in Sources */ = {isa = PBXBuildFile; fileRef = B10014; };
		A10015 /* ConfettiEmitter.swift in Sources */ = {isa = PBXBuildFile; fileRef = B10015; };
		A10025 /* ConfettiSettings.swift in Sources */ = {isa = PBXBuildFile; fileRef = B10025; };
		A10016 /* SoundManager.swift in Sources */ = {isa = PBXBuildFile; fileRef = B10016; };
		A10017 /* StickyStore.swift in Sources */ = {isa = PBXBuildFile; fileRef = B10017; };
		A10018 /* WebhookEvent.swift in Sources */ = {isa = PBXBuildFile; fileRef = B10018; };
		A10019 /* ZapierWebhookService.swift in Sources */ = {isa = PBXBuildFile; fileRef = B10019; };
		A10020 /* Assets.xcassets in Resources */ = {isa = PBXBuildFile; fileRef = B10020; };
		A10021 /* ConfettiWindowController.swift in Sources */ = {isa = PBXBuildFile; fileRef = B10023; };
		A10022 /* BackspaceTextField.swift in Sources */ = {isa = PBXBuildFile; fileRef = B10024; };
		A10026 /* SettingsPanelView.swift in Sources */ = {isa = PBXBuildFile; fileRef = B10026; };
		A10027 /* RightClickHandler.swift in Sources */ = {isa = PBXBuildFile; fileRef = B10027; };
		A10030 /* confetti.mp3 in Resources */ = {isa = PBXBuildFile; fileRef = B10030; };
		A10031 /* Yay.mp3 in Resources */ = {isa = PBXBuildFile; fileRef = B10031; };
		A10032 /* Yippie.mp3 in Resources */ = {isa = PBXBuildFile; fileRef = B10032; };
		A10033 /* Cat Laugh.mp3 in Resources */ = {isa = PBXBuildFile; fileRef = B10033; };
		A10034 /* Apple Pay.mp3 in Resources */ = {isa = PBXBuildFile; fileRef = B10034; };
		A10035 /* Rizz.mp3 in Resources */ = {isa = PBXBuildFile; fileRef = B10035; };
		A10036 /* Click Nice.mp3 in Resources */ = {isa = PBXBuildFile; fileRef = B10036; };
		A10050 /* CloudKitSync.swift in Sources */ = {isa = PBXBuildFile; fileRef = B10050; };
		A10051 /* StickyNote+CloudKit.swift in Sources */ = {isa = PBXBuildFile; fileRef = B10051; };
		/* iOS target build files - shared sources */
		A10100 /* TodoItem.swift in iOS Sources */ = {isa = PBXBuildFile; fileRef = B10004; };
		A10101 /* StickyNote.swift in iOS Sources */ = {isa = PBXBuildFile; fileRef = B10005; };
		A10102 /* StickyColorTheme.swift in iOS Sources */ = {isa = PBXBuildFile; fileRef = B10006; };
		A10103 /* StickyStore.swift in iOS Sources */ = {isa = PBXBuildFile; fileRef = B10017; };
		A10104 /* ConfettiSettings.swift in iOS Sources */ = {isa = PBXBuildFile; fileRef = B10025; };
		A10105 /* SoundManager.swift in iOS Sources */ = {isa = PBXBuildFile; fileRef = B10016; };
		A10106 /* CloudKitSync.swift in iOS Sources */ = {isa = PBXBuildFile; fileRef = B10050; };
		A10107 /* StickyNote+CloudKit.swift in iOS Sources */ = {isa = PBXBuildFile; fileRef = B10051; };
		/* iOS target build files - iOS-specific sources */
		A10110 /* StickyiOSApp.swift in iOS Sources */ = {isa = PBXBuildFile; fileRef = B10060; };
		A10111 /* iOSContentView.swift in iOS Sources */ = {isa = PBXBuildFile; fileRef = B10061; };
		A10112 /* iOSNoteView.swift in iOS Sources */ = {isa = PBXBuildFile; fileRef = B10062; };
		A10113 /* iOSTodoRow.swift in iOS Sources */ = {isa = PBXBuildFile; fileRef = B10063; };
		A10114 /* iOSSettingsView.swift in iOS Sources */ = {isa = PBXBuildFile; fileRef = B10064; };
		/* iOS target build files - resources */
		A10120 /* Assets.xcassets in iOS Resources */ = {isa = PBXBuildFile; fileRef = B10020; };
		A10121 /* confetti.mp3 in iOS Resources */ = {isa = PBXBuildFile; fileRef = B10030; };
		A10122 /* Yay.mp3 in iOS Resources */ = {isa = PBXBuildFile; fileRef = B10031; };
		A10123 /* Yippie.mp3 in iOS Resources */ = {isa = PBXBuildFile; fileRef = B10032; };
		A10124 /* Cat Laugh.mp3 in iOS Resources */ = {isa = PBXBuildFile; fileRef = B10033; };
		A10125 /* Apple Pay.mp3 in iOS Resources */ = {isa = PBXBuildFile; fileRef = B10034; };
		A10126 /* Rizz.mp3 in iOS Resources */ = {isa = PBXBuildFile; fileRef = B10035; };
		A10127 /* Click Nice.mp3 in iOS Resources */ = {isa = PBXBuildFile; fileRef = B10036; };
/* End PBXBuildFile section */

/* Begin PBXFileReference section */
		B10001 /* StickyApp.swift */ = {isa = PBXFileReference; lastKnownFileType = sourcecode.swift; path = StickyApp.swift; sourceTree = "<group>"; };
		B10002 /* AppDelegate.swift */ = {isa = PBXFileReference; lastKnownFileType = sourcecode.swift; path = AppDelegate.swift; sourceTree = "<group>"; };
		B10003 /* AppState.swift */ = {isa = PBXFileReference; lastKnownFileType = sourcecode.swift; path = AppState.swift; sourceTree = "<group>"; };
		B10041 /* GlobalHotkeyManager.swift */ = {isa = PBXFileReference; lastKnownFileType = sourcecode.swift; path = GlobalHotkeyManager.swift; sourceTree = "<group>"; };
		B10004 /* TodoItem.swift */ = {isa = PBXFileReference; lastKnownFileType = sourcecode.swift; path = TodoItem.swift; sourceTree = "<group>"; };
		B10005 /* StickyNote.swift */ = {isa = PBXFileReference; lastKnownFileType = sourcecode.swift; path = StickyNote.swift; sourceTree = "<group>"; };
		B10006 /* StickyColorTheme.swift */ = {isa = PBXFileReference; lastKnownFileType = sourcecode.swift; path = StickyColorTheme.swift; sourceTree = "<group>"; };
		B10007 /* StickyNoteView.swift */ = {isa = PBXFileReference; lastKnownFileType = sourcecode.swift; path = StickyNoteView.swift; sourceTree = "<group>"; };
		B10008 /* TodoListView.swift */ = {isa = PBXFileReference; lastKnownFileType = sourcecode.swift; path = TodoListView.swift; sourceTree = "<group>"; };
		B10009 /* TodoRowView.swift */ = {isa = PBXFileReference; lastKnownFileType = sourcecode.swift; path = TodoRowView.swift; sourceTree = "<group>"; };
		B10010 /* TaskCountBadgeView.swift */ = {isa = PBXFileReference; lastKnownFileType = sourcecode.swift; path = TaskCountBadgeView.swift; sourceTree = "<group>"; };
		B10011 /* PeelShadowView.swift */ = {isa = PBXFileReference; lastKnownFileType = sourcecode.swift; path = PeelShadowView.swift; sourceTree = "<group>"; };
		B10012 /* ConfettiOverlayView.swift */ = {isa = PBXFileReference; lastKnownFileType = sourcecode.swift; path = ConfettiOverlayView.swift; sourceTree = "<group>"; };
		B10013 /* ZapierSettingsView.swift */ = {isa = PBXFileReference; lastKnownFileType = sourcecode.swift; path = ZapierSettingsView.swift; sourceTree = "<group>"; };
		B10014 /* ConfettiScene.swift */ = {isa = PBXFileReference; lastKnownFileType = sourcecode.swift; path = ConfettiScene.swift; sourceTree = "<group>"; };
		B10015 /* ConfettiEmitter.swift */ = {isa = PBXFileReference; lastKnownFileType = sourcecode.swift; path = ConfettiEmitter.swift; sourceTree = "<group>"; };
		B10025 /* ConfettiSettings.swift */ = {isa = PBXFileReference; lastKnownFileType = sourcecode.swift; path = ConfettiSettings.swift; sourceTree = "<group>"; };
		B10016 /* SoundManager.swift */ = {isa = PBXFileReference; lastKnownFileType = sourcecode.swift; path = SoundManager.swift; sourceTree = "<group>"; };
		B10017 /* StickyStore.swift */ = {isa = PBXFileReference; lastKnownFileType = sourcecode.swift; path = StickyStore.swift; sourceTree = "<group>"; };
		B10018 /* WebhookEvent.swift */ = {isa = PBXFileReference; lastKnownFileType = sourcecode.swift; path = WebhookEvent.swift; sourceTree = "<group>"; };
		B10019 /* ZapierWebhookService.swift */ = {isa = PBXFileReference; lastKnownFileType = sourcecode.swift; path = ZapierWebhookService.swift; sourceTree = "<group>"; };
		B10020 /* Assets.xcassets */ = {isa = PBXFileReference; lastKnownFileType = folder.assetcatalog; path = Assets.xcassets; sourceTree = "<group>"; };
		B10021 /* Info.plist */ = {isa = PBXFileReference; lastKnownFileType = text.plist.xml; path = Info.plist; sourceTree = "<group>"; };
		B10022 /* Sticky.entitlements */ = {isa = PBXFileReference; lastKnownFileType = text.plist.entitlements; path = Sticky.entitlements; sourceTree = "<group>"; };
		B10023 /* ConfettiWindowController.swift */ = {isa = PBXFileReference; lastKnownFileType = sourcecode.swift; path = ConfettiWindowController.swift; sourceTree = "<group>"; };
		B10024 /* BackspaceTextField.swift */ = {isa = PBXFileReference; lastKnownFileType = sourcecode.swift; path = BackspaceTextField.swift; sourceTree = "<group>"; };
		B10026 /* SettingsPanelView.swift */ = {isa = PBXFileReference; lastKnownFileType = sourcecode.swift; path = SettingsPanelView.swift; sourceTree = "<group>"; };
		B10027 /* RightClickHandler.swift */ = {isa = PBXFileReference; lastKnownFileType = sourcecode.swift; path = RightClickHandler.swift; sourceTree = "<group>"; };
		B10030 /* confetti.mp3 */ = {isa = PBXFileReference; lastKnownFileType = audio.mp3; path = confetti.mp3; sourceTree = "<group>"; };
		B10031 /* Yay.mp3 */ = {isa = PBXFileReference; lastKnownFileType = audio.mp3; path = Yay.mp3; sourceTree = "<group>"; };
		B10032 /* Yippie.mp3 */ = {isa = PBXFileReference; lastKnownFileType = audio.mp3; path = Yippie.mp3; sourceTree = "<group>"; };
		B10033 /* Cat Laugh.mp3 */ = {isa = PBXFileReference; lastKnownFileType = audio.mp3; path = "Cat Laugh.mp3"; sourceTree = "<group>"; };
		B10034 /* Apple Pay.mp3 */ = {isa = PBXFileReference; lastKnownFileType = audio.mp3; path = "Apple Pay.mp3"; sourceTree = "<group>"; };
		B10035 /* Rizz.mp3 */ = {isa = PBXFileReference; lastKnownFileType = audio.mp3; path = Rizz.mp3; sourceTree = "<group>"; };
		B10036 /* Click Nice.mp3 */ = {isa = PBXFileReference; lastKnownFileType = audio.mp3; path = "Click Nice.mp3"; sourceTree = "<group>"; };
		B10050 /* CloudKitSync.swift */ = {isa = PBXFileReference; lastKnownFileType = sourcecode.swift; path = CloudKitSync.swift; sourceTree = "<group>"; };
		B10051 /* StickyNote+CloudKit.swift */ = {isa = PBXFileReference; lastKnownFileType = sourcecode.swift; path = "StickyNote+CloudKit.swift"; sourceTree = "<group>"; };
		B10060 /* StickyiOSApp.swift */ = {isa = PBXFileReference; lastKnownFileType = sourcecode.swift; path = StickyiOSApp.swift; sourceTree = "<group>"; };
		B10061 /* iOSContentView.swift */ = {isa = PBXFileReference; lastKnownFileType = sourcecode.swift; path = iOSContentView.swift; sourceTree = "<group>"; };
		B10062 /* iOSNoteView.swift */ = {isa = PBXFileReference; lastKnownFileType = sourcecode.swift; path = iOSNoteView.swift; sourceTree = "<group>"; };
		B10063 /* iOSTodoRow.swift */ = {isa = PBXFileReference; lastKnownFileType = sourcecode.swift; path = iOSTodoRow.swift; sourceTree = "<group>"; };
		B10064 /* iOSSettingsView.swift */ = {isa = PBXFileReference; lastKnownFileType = sourcecode.swift; path = iOSSettingsView.swift; sourceTree = "<group>"; };
		P10001 /* Sticky.app */ = {isa = PBXFileReference; explicitFileType = wrapper.application; includeInIndex = 0; path = Sticky.app; sourceTree = BUILT_PRODUCTS_DIR; };
		P10002 /* Sticky iOS.app */ = {isa = PBXFileReference; explicitFileType = wrapper.application; includeInIndex = 0; path = "Sticky iOS.app"; sourceTree = BUILT_PRODUCTS_DIR; };
/* End PBXFileReference section */

/* Begin PBXFrameworksBuildPhase section */
		F10001 /* Frameworks */ = {
			isa = PBXFrameworksBuildPhase;
			buildActionMask = 2147483647;
			files = (
			);
			runOnlyForDeploymentPostprocessing = 0;
		};
		F10002 /* iOS Frameworks */ = {
			isa = PBXFrameworksBuildPhase;
			buildActionMask = 2147483647;
			files = (
			);
			runOnlyForDeploymentPostprocessing = 0;
		};
/* End PBXFrameworksBuildPhase section */

/* Begin PBXGroup section */
		G10000 /* Root */ = {
			isa = PBXGroup;
			children = (
				G10001 /* Sticky */,
				G10099 /* Products */,
			);
			sourceTree = "<group>";
		};
		G10001 /* Sticky */ = {
			isa = PBXGroup;
			children = (
				G10002 /* App */,
				G10003 /* Models */,
				G10004 /* Views */,
				G10005 /* Confetti */,
				G10006 /* Audio */,
				G10007 /* Persistence */,
				G10008 /* Integration */,
				G10010 /* Sync */,
				G10011 /* iOS */,
				B10020 /* Assets.xcassets */,
				B10021 /* Info.plist */,
				B10022 /* Sticky.entitlements */,
			);
			path = Sticky;
			sourceTree = "<group>";
		};
		G10002 /* App */ = {
			isa = PBXGroup;
			children = (
				B10001 /* StickyApp.swift */,
				B10002 /* AppDelegate.swift */,
				B10003 /* AppState.swift */,
				B10041 /* GlobalHotkeyManager.swift */,
			);
			path = App;
			sourceTree = "<group>";
		};
		G10003 /* Models */ = {
			isa = PBXGroup;
			children = (
				B10004 /* TodoItem.swift */,
				B10005 /* StickyNote.swift */,
				B10006 /* StickyColorTheme.swift */,
			);
			path = Models;
			sourceTree = "<group>";
		};
		G10004 /* Views */ = {
			isa = PBXGroup;
			children = (
				B10007 /* StickyNoteView.swift */,
				B10008 /* TodoListView.swift */,
				B10009 /* TodoRowView.swift */,
				B10010 /* TaskCountBadgeView.swift */,
				B10011 /* PeelShadowView.swift */,
				B10012 /* ConfettiOverlayView.swift */,
				B10013 /* ZapierSettingsView.swift */,
				B10024 /* BackspaceTextField.swift */,
				B10026 /* SettingsPanelView.swift */,
				B10027 /* RightClickHandler.swift */,
			);
			path = Views;
			sourceTree = "<group>";
		};
		G10005 /* Confetti */ = {
			isa = PBXGroup;
			children = (
				B10014 /* ConfettiScene.swift */,
				B10015 /* ConfettiEmitter.swift */,
				B10023 /* ConfettiWindowController.swift */,
				B10025 /* ConfettiSettings.swift */,
			);
			path = Confetti;
			sourceTree = "<group>";
		};
		G10006 /* Audio */ = {
			isa = PBXGroup;
			children = (
				B10016 /* SoundManager.swift */,
				G10009 /* Resources */,
			);
			path = Audio;
			sourceTree = "<group>";
		};
		G10009 /* Resources */ = {
			isa = PBXGroup;
			children = (
				B10030 /* confetti.mp3 */,
				B10031 /* Yay.mp3 */,
				B10032 /* Yippie.mp3 */,
				B10033 /* Cat Laugh.mp3 */,
				B10034 /* Apple Pay.mp3 */,
				B10035 /* Rizz.mp3 */,
				B10036 /* Click Nice.mp3 */,
			);
			path = Resources;
			sourceTree = "<group>";
		};
		G10007 /* Persistence */ = {
			isa = PBXGroup;
			children = (
				B10017 /* StickyStore.swift */,
			);
			path = Persistence;
			sourceTree = "<group>";
		};
		G10008 /* Integration */ = {
			isa = PBXGroup;
			children = (
				B10018 /* WebhookEvent.swift */,
				B10019 /* ZapierWebhookService.swift */,
			);
			path = Integration;
			sourceTree = "<group>";
		};
		G10010 /* Sync */ = {
			isa = PBXGroup;
			children = (
				B10050 /* CloudKitSync.swift */,
				B10051 /* StickyNote+CloudKit.swift */,
			);
			path = Sync;
			sourceTree = "<group>";
		};
		G10011 /* iOS */ = {
			isa = PBXGroup;
			children = (
				B10060 /* StickyiOSApp.swift */,
				B10061 /* iOSContentView.swift */,
				B10062 /* iOSNoteView.swift */,
				B10063 /* iOSTodoRow.swift */,
				B10064 /* iOSSettingsView.swift */,
			);
			path = iOS;
			sourceTree = "<group>";
		};
		G10099 /* Products */ = {
			isa = PBXGroup;
			children = (
				P10001 /* Sticky.app */,
				P10002 /* Sticky iOS.app */,
			);
			name = Products;
			sourceTree = "<group>";
		};
/* End PBXGroup section */

/* Begin PBXNativeTarget section */
		T10001 /* Sticky */ = {
			isa = PBXNativeTarget;
			buildConfigurationList = CL10002 /* Build configuration list for PBXNativeTarget "Sticky" */;
			buildPhases = (
				S10001 /* Sources */,
				F10001 /* Frameworks */,
				R10001 /* Resources */,
			);
			buildRules = (
			);
			dependencies = (
			);
			name = Sticky;
			productName = Sticky;
			productReference = P10001 /* Sticky.app */;
			productType = "com.apple.product-type.application";
		};
		T10002 /* Sticky iOS */ = {
			isa = PBXNativeTarget;
			buildConfigurationList = CL10003 /* Build configuration list for PBXNativeTarget "Sticky iOS" */;
			buildPhases = (
				S10002 /* iOS Sources */,
				F10002 /* iOS Frameworks */,
				R10002 /* iOS Resources */,
			);
			buildRules = (
			);
			dependencies = (
			);
			name = "Sticky iOS";
			productName = "Sticky iOS";
			productReference = P10002 /* Sticky iOS.app */;
			productType = "com.apple.product-type.application";
		};
/* End PBXNativeTarget section */

/* Begin PBXProject section */
		PR10001 /* Project object */ = {
			isa = PBXProject;
			attributes = {
				BuildIndependentTargetsInParallel = 1;
				LastSwiftUpdateCheck = 1500;
				LastUpgradeCheck = 1500;
				TargetAttributes = {
					T10001 = {
						CreatedOnToolsVersion = 15.0;
					};
					T10002 = {
						CreatedOnToolsVersion = 15.0;
					};
				};
			};
			buildConfigurationList = CL10001 /* Build configuration list for PBXProject "Sticky" */;
			compatibilityVersion = "Xcode 14.0";
			developmentRegion = en;
			hasScannedForEncodings = 0;
			knownRegions = (
				en,
				Base,
			);
			mainGroup = G10000 /* Root */;
			productRefGroup = G10099 /* Products */;
			projectDirPath = "";
			projectRoot = "";
			targets = (
				T10001 /* Sticky */,
				T10002 /* Sticky iOS */,
			);
		};
/* End PBXProject section */

/* Begin PBXResourcesBuildPhase section */
		R10001 /* Resources */ = {
			isa = PBXResourcesBuildPhase;
			buildActionMask = 2147483647;
			files = (
				A10020 /* Assets.xcassets in Resources */,
				A10030 /* confetti.mp3 in Resources */,
				A10031 /* Yay.mp3 in Resources */,
				A10032 /* Yippie.mp3 in Resources */,
				A10033 /* Cat Laugh.mp3 in Resources */,
				A10034 /* Apple Pay.mp3 in Resources */,
				A10035 /* Rizz.mp3 in Resources */,
				A10036 /* Click Nice.mp3 in Resources */,
			);
			runOnlyForDeploymentPostprocessing = 0;
		};
		R10002 /* iOS Resources */ = {
			isa = PBXResourcesBuildPhase;
			buildActionMask = 2147483647;
			files = (
				A10120 /* Assets.xcassets in iOS Resources */,
				A10121 /* confetti.mp3 in iOS Resources */,
				A10122 /* Yay.mp3 in iOS Resources */,
				A10123 /* Yippie.mp3 in iOS Resources */,
				A10124 /* Cat Laugh.mp3 in iOS Resources */,
				A10125 /* Apple Pay.mp3 in iOS Resources */,
				A10126 /* Rizz.mp3 in iOS Resources */,
				A10127 /* Click Nice.mp3 in iOS Resources */,
			);
			runOnlyForDeploymentPostprocessing = 0;
		};
/* End PBXResourcesBuildPhase section */

/* Begin PBXSourcesBuildPhase section */
		S10001 /* Sources */ = {
			isa = PBXSourcesBuildPhase;
			buildActionMask = 2147483647;
			files = (
				A10001 /* StickyApp.swift in Sources */,
				A10002 /* AppDelegate.swift in Sources */,
				A10003 /* AppState.swift in Sources */,
				A10041 /* GlobalHotkeyManager.swift in Sources */,
				A10004 /* TodoItem.swift in Sources */,
				A10005 /* StickyNote.swift in Sources */,
				A10006 /* StickyColorTheme.swift in Sources */,
				A10007 /* StickyNoteView.swift in Sources */,
				A10008 /* TodoListView.swift in Sources */,
				A10009 /* TodoRowView.swift in Sources */,
				A10010 /* TaskCountBadgeView.swift in Sources */,
				A10011 /* PeelShadowView.swift in Sources */,
				A10012 /* ConfettiOverlayView.swift in Sources */,
				A10013 /* ZapierSettingsView.swift in Sources */,
				A10014 /* ConfettiScene.swift in Sources */,
				A10015 /* ConfettiEmitter.swift in Sources */,
				A10025 /* ConfettiSettings.swift in Sources */,
				A10016 /* SoundManager.swift in Sources */,
				A10017 /* StickyStore.swift in Sources */,
				A10018 /* WebhookEvent.swift in Sources */,
				A10019 /* ZapierWebhookService.swift in Sources */,
				A10021 /* ConfettiWindowController.swift in Sources */,
				A10022 /* BackspaceTextField.swift in Sources */,
				A10026 /* SettingsPanelView.swift in Sources */,
				A10027 /* RightClickHandler.swift in Sources */,
				A10050 /* CloudKitSync.swift in Sources */,
				A10051 /* StickyNote+CloudKit.swift in Sources */,
			);
			runOnlyForDeploymentPostprocessing = 0;
		};
		S10002 /* iOS Sources */ = {
			isa = PBXSourcesBuildPhase;
			buildActionMask = 2147483647;
			files = (
				A10100 /* TodoItem.swift in iOS Sources */,
				A10101 /* StickyNote.swift in iOS Sources */,
				A10102 /* StickyColorTheme.swift in iOS Sources */,
				A10103 /* StickyStore.swift in iOS Sources */,
				A10104 /* ConfettiSettings.swift in iOS Sources */,
				A10105 /* SoundManager.swift in iOS Sources */,
				A10106 /* CloudKitSync.swift in iOS Sources */,
				A10107 /* StickyNote+CloudKit.swift in iOS Sources */,
				A10110 /* StickyiOSApp.swift in iOS Sources */,
				A10111 /* iOSContentView.swift in iOS Sources */,
				A10112 /* iOSNoteView.swift in iOS Sources */,
				A10113 /* iOSTodoRow.swift in iOS Sources */,
				A10114 /* iOSSettingsView.swift in iOS Sources */,
			);
			runOnlyForDeploymentPostprocessing = 0;
		};
/* End PBXSourcesBuildPhase section */

/* Begin XCBuildConfiguration section */
		BC10001 /* Debug */ = {
			isa = XCBuildConfiguration;
			buildSettings = {
				ALWAYS_SEARCH_USER_PATHS = NO;
				ASSETCATALOG_COMPILER_GENERATE_SWIFT_ASSET_SYMBOL_EXTENSIONS = YES;
				CLANG_ANALYZER_NONNULL = YES;
				CLANG_CXX_LANGUAGE_STANDARD = "gnu++20";
				CLANG_ENABLE_MODULES = YES;
				CLANG_ENABLE_OBJC_ARC = YES;
				CLANG_WARN_BLOCK_CAPTURE_AUTORELEASING = YES;
				CLANG_WARN_BOOL_CONVERSION = YES;
				CLANG_WARN_COMMA = YES;
				CLANG_WARN_CONSTANT_CONVERSION = YES;
				CLANG_WARN_DEPRECATED_OBJC_IMPLEMENTATIONS = YES;
				CLANG_WARN_DIRECT_OBJC_ISA_USAGE = YES_ERROR;
				CLANG_WARN_DOCUMENTATION_COMMENTS = YES;
				CLANG_WARN_EMPTY_BODY = YES;
				CLANG_WARN_ENUM_CONVERSION = YES;
				CLANG_WARN_INFINITE_RECURSION = YES;
				CLANG_WARN_INT_CONVERSION = YES;
				CLANG_WARN_NON_LITERAL_NULL_CONVERSION = YES;
				CLANG_WARN_OBJC_IMPLICIT_RETAIN_SELF = YES;
				CLANG_WARN_OBJC_LITERAL_CONVERSION = YES;
				CLANG_WARN_OBJC_ROOT_CLASS = YES_ERROR;
				CLANG_WARN_QUOTED_INCLUDE_IN_FRAMEWORK_HEADER = YES;
				CLANG_WARN_RANGE_LOOP_ANALYSIS = YES;
				CLANG_WARN_STRICT_PROTOTYPES = YES;
				CLANG_WARN_SUSPICIOUS_MOVE = YES;
				CLANG_WARN_UNGUARDED_AVAILABILITY = YES_AGGRESSIVE;
				CLANG_WARN_UNREACHABLE_CODE = YES;
				CLANG_WARN__DUPLICATE_METHOD_MATCH = YES;
				COPY_PHASE_STRIP = NO;
				DEBUG_INFORMATION_FORMAT = dwarf;
				ENABLE_STRICT_OBJC_MSGSEND = YES;
				ENABLE_TESTABILITY = YES;
				ENABLE_USER_SCRIPT_SANDBOXING = YES;
				GCC_C_LANGUAGE_STANDARD = gnu17;
				GCC_DYNAMIC_NO_PIC = NO;
				GCC_NO_COMMON_BLOCKS = YES;
				GCC_OPTIMIZATION_LEVEL = 0;
				GCC_PREPROCESSOR_DEFINITIONS = (
					"DEBUG=1",
					"$(inherited)",
				);
				GCC_WARN_64_TO_32_BIT_CONVERSION = YES;
				GCC_WARN_ABOUT_RETURN_TYPE = YES_ERROR;
				GCC_WARN_UNDECLARED_SELECTOR = YES;
				GCC_WARN_UNINITIALIZED_AUTOS = YES_AGGRESSIVE;
				GCC_WARN_UNUSED_FUNCTION = YES;
				GCC_WARN_UNUSED_VARIABLE = YES;
				MACOSX_DEPLOYMENT_TARGET = 14.0;
				MTL_ENABLE_DEBUG_INFO = INCLUDE_SOURCE;
				MTL_FAST_MATH = YES;
				ONLY_ACTIVE_ARCH = YES;
				SDKROOT = macosx;
				SWIFT_ACTIVE_COMPILATION_CONDITIONS = "DEBUG $(inherited)";
				SWIFT_OPTIMIZATION_LEVEL = "-Onone";
			};
			name = Debug;
		};
		BC10002 /* Release */ = {
			isa = XCBuildConfiguration;
			buildSettings = {
				ALWAYS_SEARCH_USER_PATHS = NO;
				ASSETCATALOG_COMPILER_GENERATE_SWIFT_ASSET_SYMBOL_EXTENSIONS = YES;
				CLANG_ANALYZER_NONNULL = YES;
				CLANG_CXX_LANGUAGE_STANDARD = "gnu++20";
				CLANG_ENABLE_MODULES = YES;
				CLANG_ENABLE_OBJC_ARC = YES;
				CLANG_WARN_BLOCK_CAPTURE_AUTORELEASING = YES;
				CLANG_WARN_BOOL_CONVERSION = YES;
				CLANG_WARN_COMMA = YES;
				CLANG_WARN_CONSTANT_CONVERSION = YES;
				CLANG_WARN_DEPRECATED_OBJC_IMPLEMENTATIONS = YES;
				CLANG_WARN_DIRECT_OBJC_ISA_USAGE = YES_ERROR;
				CLANG_WARN_DOCUMENTATION_COMMENTS = YES;
				CLANG_WARN_EMPTY_BODY = YES;
				CLANG_WARN_ENUM_CONVERSION = YES;
				CLANG_WARN_INFINITE_RECURSION = YES;
				CLANG_WARN_INT_CONVERSION = YES;
				CLANG_WARN_NON_LITERAL_NULL_CONVERSION = YES;
				CLANG_WARN_OBJC_IMPLICIT_RETAIN_SELF = YES;
				CLANG_WARN_OBJC_LITERAL_CONVERSION = YES;
				CLANG_WARN_OBJC_ROOT_CLASS = YES_ERROR;
				CLANG_WARN_QUOTED_INCLUDE_IN_FRAMEWORK_HEADER = YES;
				CLANG_WARN_RANGE_LOOP_ANALYSIS = YES;
				CLANG_WARN_STRICT_PROTOTYPES = YES;
				CLANG_WARN_SUSPICIOUS_MOVE = YES;
				CLANG_WARN_UNGUARDED_AVAILABILITY = YES_AGGRESSIVE;
				CLANG_WARN_UNREACHABLE_CODE = YES;
				CLANG_WARN__DUPLICATE_METHOD_MATCH = YES;
				COPY_PHASE_STRIP = NO;
				DEBUG_INFORMATION_FORMAT = "dwarf-with-dsym";
				ENABLE_NS_ASSERTIONS = NO;
				ENABLE_STRICT_OBJC_MSGSEND = YES;
				ENABLE_USER_SCRIPT_SANDBOXING = YES;
				GCC_C_LANGUAGE_STANDARD = gnu17;
				GCC_NO_COMMON_BLOCKS = YES;
				GCC_WARN_64_TO_32_BIT_CONVERSION = YES;
				GCC_WARN_ABOUT_RETURN_TYPE = YES_ERROR;
				GCC_WARN_UNDECLARED_SELECTOR = YES;
				GCC_WARN_UNINITIALIZED_AUTOS = YES_AGGRESSIVE;
				GCC_WARN_UNUSED_FUNCTION = YES;
				GCC_WARN_UNUSED_VARIABLE = YES;
				MACOSX_DEPLOYMENT_TARGET = 14.0;
				MTL_FAST_MATH = YES;
				SDKROOT = macosx;
				SWIFT_COMPILATION_MODE = wholemodule;
			};
			name = Release;
		};
		BC10003 /* Debug */ = {
			isa = XCBuildConfiguration;
			buildSettings = {
				ASSETCATALOG_COMPILER_APPICON_NAME = AppIcon;
				ASSETCATALOG_COMPILER_GLOBAL_ACCENT_COLOR_NAME = AccentColor;
				CODE_SIGN_ENTITLEMENTS = Sticky/Sticky.entitlements;
				CODE_SIGN_STYLE = Automatic;
				COMBINE_HIDPI_IMAGES = YES;
				CURRENT_PROJECT_VERSION = 1;
				DEVELOPMENT_ASSET_PATHS = "\"Sticky/Preview Content\"";
				ENABLE_PREVIEWS = YES;
				GENERATE_INFOPLIST_FILE = YES;
				INFOPLIST_FILE = Sticky/Info.plist;
				INFOPLIST_KEY_LSApplicationCategoryType = "public.app-category.productivity";
				INFOPLIST_KEY_NSHumanReadableCopyright = "";
				LD_RUNPATH_SEARCH_PATHS = (
					"$(inherited)",
					"@executable_path/../Frameworks",
				);
				MARKETING_VERSION = 1.0;
				PRODUCT_BUNDLE_IDENTIFIER = com.stickytodos.app;
				PRODUCT_NAME = Sticky;
				SWIFT_EMIT_LOC_STRINGS = YES;
				SWIFT_VERSION = 5.0;
			};
			name = Debug;
		};
		BC10004 /* Release */ = {
			isa = XCBuildConfiguration;
			buildSettings = {
				ASSETCATALOG_COMPILER_APPICON_NAME = AppIcon;
				ASSETCATALOG_COMPILER_GLOBAL_ACCENT_COLOR_NAME = AccentColor;
				CODE_SIGN_ENTITLEMENTS = Sticky/Sticky.entitlements;
				CODE_SIGN_STYLE = Automatic;
				COMBINE_HIDPI_IMAGES = YES;
				CURRENT_PROJECT_VERSION = 1;
				DEVELOPMENT_ASSET_PATHS = "\"Sticky/Preview Content\"";
				ENABLE_PREVIEWS = YES;
				GENERATE_INFOPLIST_FILE = YES;
				INFOPLIST_FILE = Sticky/Info.plist;
				INFOPLIST_KEY_LSApplicationCategoryType = "public.app-category.productivity";
				INFOPLIST_KEY_NSHumanReadableCopyright = "";
				LD_RUNPATH_SEARCH_PATHS = (
					"$(inherited)",
					"@executable_path/../Frameworks",
				);
				MARKETING_VERSION = 1.0;
				PRODUCT_BUNDLE_IDENTIFIER = com.stickytodos.app;
				PRODUCT_NAME = Sticky;
				SWIFT_EMIT_LOC_STRINGS = YES;
				SWIFT_VERSION = 5.0;
			};
			name = Release;
		};
		BC10005 /* iOS Debug */ = {
			isa = XCBuildConfiguration;
			buildSettings = {
				ASSETCATALOG_COMPILER_GLOBAL_ACCENT_COLOR_NAME = AccentColor;
				CODE_SIGN_STYLE = Automatic;
				CURRENT_PROJECT_VERSION = 1;
				DEVELOPMENT_ASSET_PATHS = "\"Sticky/Preview Content\"";
				ENABLE_PREVIEWS = YES;
				GENERATE_INFOPLIST_FILE = YES;
				INFOPLIST_KEY_UIApplicationSceneManifest_Generation = YES;
				INFOPLIST_KEY_UILaunchScreen_Generation = YES;
				INFOPLIST_KEY_UIRequiresFullScreen = NO;
				INFOPLIST_KEY_UISupportedInterfaceOrientations_iPad = "UIInterfaceOrientationPortrait UIInterfaceOrientationPortraitUpsideDown UIInterfaceOrientationLandscapeLeft UIInterfaceOrientationLandscapeRight";
				INFOPLIST_KEY_UISupportedInterfaceOrientations_iPhone = "UIInterfaceOrientationPortrait UIInterfaceOrientationLandscapeLeft UIInterfaceOrientationLandscapeRight";
				IPHONEOS_DEPLOYMENT_TARGET = 16.0;
				LD_RUNPATH_SEARCH_PATHS = (
					"$(inherited)",
					"@executable_path/Frameworks",
				);
				MARKETING_VERSION = 1.0;
				PRODUCT_BUNDLE_IDENTIFIER = "com.stickytodos.app.ios";
				PRODUCT_NAME = "Sticky iOS";
				SDKROOT = iphoneos;
				SWIFT_ACTIVE_COMPILATION_CONDITIONS = "DEBUG $(inherited)";
				SWIFT_EMIT_LOC_STRINGS = YES;
				SWIFT_OPTIMIZATION_LEVEL = "-Onone";
				SWIFT_VERSION = 5.0;
				TARGETED_DEVICE_FAMILY = "1,2";
			};
			name = Debug;
		};
		BC10006 /* iOS Release */ = {
			isa = XCBuildConfiguration;
			buildSettings = {
				ASSETCATALOG_COMPILER_GLOBAL_ACCENT_COLOR_NAME = AccentColor;
				CODE_SIGN_STYLE = Automatic;
				CURRENT_PROJECT_VERSION = 1;
				DEVELOPMENT_ASSET_PATHS = "\"Sticky/Preview Content\"";
				ENABLE_PREVIEWS = YES;
				GENERATE_INFOPLIST_FILE = YES;
				INFOPLIST_KEY_UIApplicationSceneManifest_Generation = YES;
				INFOPLIST_KEY_UILaunchScreen_Generation = YES;
				INFOPLIST_KEY_UIRequiresFullScreen = NO;
				INFOPLIST_KEY_UISupportedInterfaceOrientations_iPad = "UIInterfaceOrientationPortrait UIInterfaceOrientationPortraitUpsideDown UIInterfaceOrientationLandscapeLeft UIInterfaceOrientationLandscapeRight";
				INFOPLIST_KEY_UISupportedInterfaceOrientations_iPhone = "UIInterfaceOrientationPortrait UIInterfaceOrientationLandscapeLeft UIInterfaceOrientationLandscapeRight";
				IPHONEOS_DEPLOYMENT_TARGET = 16.0;
				LD_RUNPATH_SEARCH_PATHS = (
					"$(inherited)",
					"@executable_path/Frameworks",
				);
				MARKETING_VERSION = 1.0;
				PRODUCT_BUNDLE_IDENTIFIER = "com.stickytodos.app.ios";
				PRODUCT_NAME = "Sticky iOS";
				SDKROOT = iphoneos;
				SWIFT_COMPILATION_MODE = wholemodule;
				SWIFT_EMIT_LOC_STRINGS = YES;
				SWIFT_VERSION = 5.0;
				TARGETED_DEVICE_FAMILY = "1,2";
			};
			name = Release;
		};
/* End XCBuildConfiguration section */

/* Begin XCConfigurationList section */
		CL10001 /* Build configuration list for PBXProject "Sticky" */ = {
			isa = XCConfigurationList;
			buildConfigurations = (
				BC10001 /* Debug */,
				BC10002 /* Release */,
			);
			defaultConfigurationIsVisible = 0;
			defaultConfigurationName = Release;
		};
		CL10002 /* Build configuration list for PBXNativeTarget "Sticky" */ = {
			isa = XCConfigurationList;
			buildConfigurations = (
				BC10003 /* Debug */,
				BC10004 /* Release */,
			);
			defaultConfigurationIsVisible = 0;
			defaultConfigurationName = Release;
		};
		CL10003 /* Build configuration list for PBXNativeTarget "Sticky iOS" */ = {
			isa = XCConfigurationList;
			buildConfigurations = (
				BC10005 /* iOS Debug */,
				BC10006 /* iOS Release */,
			);
			defaultConfigurationIsVisible = 0;
			defaultConfigurationName = Release;
		};
/* End XCConfigurationList section */

	};
	rootObject = PR10001 /* Project object */;
}
